// !$*UTF8*$!
{
	archiveVersion = 1;
	classes = {
	};
	objectVersion = 50;
	objects = {

/* Begin PBXBuildFile section */
		326F90EA228CB281001A034C /* AppDelegate.swift in Sources */ = {isa = PBXBuildFile; fileRef = 326F90E9228CB281001A034C /* AppDelegate.swift */; };
		326F90EF228CB281001A034C /* Main.storyboard in Resources */ = {isa = PBXBuildFile; fileRef = 326F90ED228CB281001A034C /* Main.storyboard */; };
		326F90F1228CB282001A034C /* Assets.xcassets in Resources */ = {isa = PBXBuildFile; fileRef = 326F90F0228CB282001A034C /* Assets.xcassets */; };
		326F90F4228CB282001A034C /* LaunchScreen.storyboard in Resources */ = {isa = PBXBuildFile; fileRef = 326F90F2228CB282001A034C /* LaunchScreen.storyboard */; };
		326F90FC228CBA32001A034C /* GoogleService-Info.plist in Resources */ = {isa = PBXBuildFile; fileRef = 326F90FB228CBA32001A034C /* GoogleService-Info.plist */; };
		326F9101228F2270001A034C /* SignInViewController.swift in Sources */ = {isa = PBXBuildFile; fileRef = 326F9100228F2270001A034C /* SignInViewController.swift */; };
		326F9103228F5599001A034C /* SignInView.swift in Sources */ = {isa = PBXBuildFile; fileRef = 326F9102228F5599001A034C /* SignInView.swift */; };
		326F9106228F5695001A034C /* Constants.swift in Sources */ = {isa = PBXBuildFile; fileRef = 326F9105228F5695001A034C /* Constants.swift */; };
		326F9108228F59A1001A034C /* RoundButton.swift in Sources */ = {isa = PBXBuildFile; fileRef = 326F9107228F59A1001A034C /* RoundButton.swift */; };
		326F910A228F5BE4001A034C /* CustomTextField.swift in Sources */ = {isa = PBXBuildFile; fileRef = 326F9109228F5BE4001A034C /* CustomTextField.swift */; };
		326F910C228F5D6C001A034C /* SignInButton.swift in Sources */ = {isa = PBXBuildFile; fileRef = 326F910B228F5D6C001A034C /* SignInButton.swift */; };
		9E94431ACD69298DECE07047 /* Pods_Gramming.framework in Frameworks */ = {isa = PBXBuildFile; fileRef = 5A30329ABFC6496DFB1B78BE /* Pods_Gramming.framework */; };
/* End PBXBuildFile section */

/* Begin PBXFileReference section */
		02BF510BCBFC1D9FC0DAAC63 /* Pods-Gramming.release.xcconfig */ = {isa = PBXFileReference; includeInIndex = 1; lastKnownFileType = text.xcconfig; name = "Pods-Gramming.release.xcconfig"; path = "Pods/Target Support Files/Pods-Gramming/Pods-Gramming.release.xcconfig"; sourceTree = "<group>"; };
		326F90E6228CB281001A034C /* Gramming.app */ = {isa = PBXFileReference; explicitFileType = wrapper.application; includeInIndex = 0; path = Gramming.app; sourceTree = BUILT_PRODUCTS_DIR; };
		326F90E9228CB281001A034C /* AppDelegate.swift */ = {isa = PBXFileReference; lastKnownFileType = sourcecode.swift; path = AppDelegate.swift; sourceTree = "<group>"; };
		326F90EE228CB281001A034C /* Base */ = {isa = PBXFileReference; lastKnownFileType = file.storyboard; name = Base; path = Base.lproj/Main.storyboard; sourceTree = "<group>"; };
		326F90F0228CB282001A034C /* Assets.xcassets */ = {isa = PBXFileReference; lastKnownFileType = folder.assetcatalog; path = Assets.xcassets; sourceTree = "<group>"; };
		326F90F3228CB282001A034C /* Base */ = {isa = PBXFileReference; lastKnownFileType = file.storyboard; name = Base; path = Base.lproj/LaunchScreen.storyboard; sourceTree = "<group>"; };
		326F90F5228CB282001A034C /* Info.plist */ = {isa = PBXFileReference; lastKnownFileType = text.plist.xml; path = Info.plist; sourceTree = "<group>"; };
		326F90FB228CBA32001A034C /* GoogleService-Info.plist */ = {isa = PBXFileReference; fileEncoding = 4; lastKnownFileType = text.plist.xml; path = "GoogleService-Info.plist"; sourceTree = "<group>"; };
		326F9100228F2270001A034C /* SignInViewController.swift */ = {isa = PBXFileReference; lastKnownFileType = sourcecode.swift; path = SignInViewController.swift; sourceTree = "<group>"; };
		326F9102228F5599001A034C /* SignInView.swift */ = {isa = PBXFileReference; lastKnownFileType = sourcecode.swift; path = SignInView.swift; sourceTree = "<group>"; };
		326F9105228F5695001A034C /* Constants.swift */ = {isa = PBXFileReference; lastKnownFileType = sourcecode.swift; path = Constants.swift; sourceTree = "<group>"; };
		326F9107228F59A1001A034C /* RoundButton.swift */ = {isa = PBXFileReference; lastKnownFileType = sourcecode.swift; path = RoundButton.swift; sourceTree = "<group>"; };
		326F9109228F5BE4001A034C /* CustomTextField.swift */ = {isa = PBXFileReference; lastKnownFileType = sourcecode.swift; path = CustomTextField.swift; sourceTree = "<group>"; };
		326F910B228F5D6C001A034C /* SignInButton.swift */ = {isa = PBXFileReference; lastKnownFileType = sourcecode.swift; path = SignInButton.swift; sourceTree = "<group>"; };
		5A30329ABFC6496DFB1B78BE /* Pods_Gramming.framework */ = {isa = PBXFileReference; explicitFileType = wrapper.framework; includeInIndex = 0; path = Pods_Gramming.framework; sourceTree = BUILT_PRODUCTS_DIR; };
		C28A4E40D795E6CAEA003C2C /* Pods-Gramming.debug.xcconfig */ = {isa = PBXFileReference; includeInIndex = 1; lastKnownFileType = text.xcconfig; name = "Pods-Gramming.debug.xcconfig"; path = "Pods/Target Support Files/Pods-Gramming/Pods-Gramming.debug.xcconfig"; sourceTree = "<group>"; };
/* End PBXFileReference section */

/* Begin PBXFrameworksBuildPhase section */
		326F90E3228CB281001A034C /* Frameworks */ = {
			isa = PBXFrameworksBuildPhase;
			buildActionMask = 2147483647;
			files = (
				9E94431ACD69298DECE07047 /* Pods_Gramming.framework in Frameworks */,
			);
			runOnlyForDeploymentPostprocessing = 0;
		};
/* End PBXFrameworksBuildPhase section */

/* Begin PBXGroup section */
		2CD177F344206F6B2E2248FC /* Frameworks */ = {
			isa = PBXGroup;
			children = (
				5A30329ABFC6496DFB1B78BE /* Pods_Gramming.framework */,
			);
			name = Frameworks;
			sourceTree = "<group>";
		};
		326F90DD228CB281001A034C = {
			isa = PBXGroup;
			children = (
				326F90E8228CB281001A034C /* Gramming */,
				326F90E7228CB281001A034C /* Products */,
				B2C7E342A01E46DC5E99ABE8 /* Pods */,
				2CD177F344206F6B2E2248FC /* Frameworks */,
			);
			sourceTree = "<group>";
		};
		326F90E7228CB281001A034C /* Products */ = {
			isa = PBXGroup;
			children = (
				326F90E6228CB281001A034C /* Gramming.app */,
			);
			name = Products;
			sourceTree = "<group>";
		};
		326F90E8228CB281001A034C /* Gramming */ = {
			isa = PBXGroup;
			children = (
				326F90E9228CB281001A034C /* AppDelegate.swift */,
				326F90FD228F21F8001A034C /* Model */,
				326F90FE228F2203001A034C /* View */,
				326F90FF228F220D001A034C /* Controller */,
				326F9104228F567A001A034C /* Util */,
				326F90ED228CB281001A034C /* Main.storyboard */,
				326F90F0228CB282001A034C /* Assets.xcassets */,
				326F90F2228CB282001A034C /* LaunchScreen.storyboard */,
				326F90F5228CB282001A034C /* Info.plist */,
				326F90FB228CBA32001A034C /* GoogleService-Info.plist */,
			);
			path = Gramming;
			sourceTree = "<group>";
		};
		326F90FD228F21F8001A034C /* Model */ = {
			isa = PBXGroup;
			children = (
			);
			path = Model;
			sourceTree = "<group>";
		};
		326F90FE228F2203001A034C /* View */ = {
			isa = PBXGroup;
			children = (
				326F9102228F5599001A034C /* SignInView.swift */,
				326F9107228F59A1001A034C /* RoundButton.swift */,
				326F9109228F5BE4001A034C /* CustomTextField.swift */,
				326F910B228F5D6C001A034C /* SignInButton.swift */,
			);
			path = View;
			sourceTree = "<group>";
		};
		326F90FF228F220D001A034C /* Controller */ = {
			isa = PBXGroup;
			children = (
				326F9100228F2270001A034C /* SignInViewController.swift */,
			);
			path = Controller;
			sourceTree = "<group>";
		};
		326F9104228F567A001A034C /* Util */ = {
			isa = PBXGroup;
			children = (
				326F9105228F5695001A034C /* Constants.swift */,
			);
			path = Util;
			sourceTree = "<group>";
		};
		B2C7E342A01E46DC5E99ABE8 /* Pods */ = {
			isa = PBXGroup;
			children = (
				C28A4E40D795E6CAEA003C2C /* Pods-Gramming.debug.xcconfig */,
				02BF510BCBFC1D9FC0DAAC63 /* Pods-Gramming.release.xcconfig */,
			);
			name = Pods;
			sourceTree = "<group>";
		};
/* End PBXGroup section */

/* Begin PBXNativeTarget section */
		326F90E5228CB281001A034C /* Gramming */ = {
			isa = PBXNativeTarget;
			buildConfigurationList = 326F90F8228CB282001A034C /* Build configuration list for PBXNativeTarget "Gramming" */;
			buildPhases = (
				B00A9868AE652B9DFF9F2B97 /* [CP] Check Pods Manifest.lock */,
				326F90E2228CB281001A034C /* Sources */,
				326F90E3228CB281001A034C /* Frameworks */,
				326F90E4228CB281001A034C /* Resources */,
				259CDB8A5FAB1EE347DAC530 /* [CP] Embed Pods Frameworks */,
			);
			buildRules = (
			);
			dependencies = (
			);
			name = Gramming;
			productName = Gramming;
			productReference = 326F90E6228CB281001A034C /* Gramming.app */;
			productType = "com.apple.product-type.application";
		};
/* End PBXNativeTarget section */

/* Begin PBXProject section */
		326F90DE228CB281001A034C /* Project object */ = {
			isa = PBXProject;
			attributes = {
				LastSwiftUpdateCheck = 1020;
				LastUpgradeCheck = 1020;
				ORGANIZATIONNAME = SB;
				TargetAttributes = {
					326F90E5228CB281001A034C = {
						CreatedOnToolsVersion = 10.2.1;
					};
				};
			};
			buildConfigurationList = 326F90E1228CB281001A034C /* Build configuration list for PBXProject "Gramming" */;
			compatibilityVersion = "Xcode 9.3";
			developmentRegion = en;
			hasScannedForEncodings = 0;
			knownRegions = (
				en,
				Base,
			);
			mainGroup = 326F90DD228CB281001A034C;
			productRefGroup = 326F90E7228CB281001A034C /* Products */;
			projectDirPath = "";
			projectRoot = "";
			targets = (
				326F90E5228CB281001A034C /* Gramming */,
			);
		};
/* End PBXProject section */

/* Begin PBXResourcesBuildPhase section */
		326F90E4228CB281001A034C /* Resources */ = {
			isa = PBXResourcesBuildPhase;
			buildActionMask = 2147483647;
			files = (
				326F90F4228CB282001A034C /* LaunchScreen.storyboard in Resources */,
				326F90FC228CBA32001A034C /* GoogleService-Info.plist in Resources */,
				326F90F1228CB282001A034C /* Assets.xcassets in Resources */,
				326F90EF228CB281001A034C /* Main.storyboard in Resources */,
			);
			runOnlyForDeploymentPostprocessing = 0;
		};
/* End PBXResourcesBuildPhase section */

/* Begin PBXShellScriptBuildPhase section */
		259CDB8A5FAB1EE347DAC530 /* [CP] Embed Pods Frameworks */ = {
			isa = PBXShellScriptBuildPhase;
			buildActionMask = 2147483647;
			files = (
			);
			inputPaths = (
				"${SRCROOT}/Pods/Target Support Files/Pods-Gramming/Pods-Gramming-frameworks.sh",
				"${BUILT_PRODUCTS_DIR}/Bolts/Bolts.framework",
				"${BUILT_PRODUCTS_DIR}/FBSDKCoreKit/FBSDKCoreKit.framework",
				"${BUILT_PRODUCTS_DIR}/FBSDKLoginKit/FBSDKLoginKit.framework",
				"${BUILT_PRODUCTS_DIR}/GTMSessionFetcher/GTMSessionFetcher.framework",
				"${BUILT_PRODUCTS_DIR}/GoogleToolboxForMac/GoogleToolboxForMac.framework",
				"${BUILT_PRODUCTS_DIR}/leveldb-library/leveldb.framework",
				"${BUILT_PRODUCTS_DIR}/nanopb/nanopb.framework",
			);
			name = "[CP] Embed Pods Frameworks";
			outputPaths = (
				"${TARGET_BUILD_DIR}/${FRAMEWORKS_FOLDER_PATH}/Bolts.framework",
				"${TARGET_BUILD_DIR}/${FRAMEWORKS_FOLDER_PATH}/FBSDKCoreKit.framework",
				"${TARGET_BUILD_DIR}/${FRAMEWORKS_FOLDER_PATH}/FBSDKLoginKit.framework",
				"${TARGET_BUILD_DIR}/${FRAMEWORKS_FOLDER_PATH}/GTMSessionFetcher.framework",
				"${TARGET_BUILD_DIR}/${FRAMEWORKS_FOLDER_PATH}/GoogleToolboxForMac.framework",
				"${TARGET_BUILD_DIR}/${FRAMEWORKS_FOLDER_PATH}/leveldb.framework",
				"${TARGET_BUILD_DIR}/${FRAMEWORKS_FOLDER_PATH}/nanopb.framework",
			);
			runOnlyForDeploymentPostprocessing = 0;
			shellPath = /bin/sh;
			shellScript = "\"${SRCROOT}/Pods/Target Support Files/Pods-Gramming/Pods-Gramming-frameworks.sh\"\n";
			showEnvVarsInLog = 0;
		};
		B00A9868AE652B9DFF9F2B97 /* [CP] Check Pods Manifest.lock */ = {
			isa = PBXShellScriptBuildPhase;
			buildActionMask = 2147483647;
			files = (
			);
			inputPaths = (
				"${PODS_PODFILE_DIR_PATH}/Podfile.lock",
				"${PODS_ROOT}/Manifest.lock",
			);
			name = "[CP] Check Pods Manifest.lock";
			outputPaths = (
				"$(DERIVED_FILE_DIR)/Pods-Gramming-checkManifestLockResult.txt",
			);
			runOnlyForDeploymentPostprocessing = 0;
			shellPath = /bin/sh;
			shellScript = "diff \"${PODS_PODFILE_DIR_PATH}/Podfile.lock\" \"${PODS_ROOT}/Manifest.lock\" > /dev/null\nif [ $? != 0 ] ; then\n    # print error to STDERR\n    echo \"error: The sandbox is not in sync with the Podfile.lock. Run 'pod install' or update your CocoaPods installation.\" >&2\n    exit 1\nfi\n# This output is used by Xcode 'outputs' to avoid re-running this script phase.\necho \"SUCCESS\" > \"${SCRIPT_OUTPUT_FILE_0}\"\n";
			showEnvVarsInLog = 0;
		};
/* End PBXShellScriptBuildPhase section */

/* Begin PBXSourcesBuildPhase section */
		326F90E2228CB281001A034C /* Sources */ = {
			isa = PBXSourcesBuildPhase;
			buildActionMask = 2147483647;
			files = (
				326F910C228F5D6C001A034C /* SignInButton.swift in Sources */,
				326F9103228F5599001A034C /* SignInView.swift in Sources */,
				326F9108228F59A1001A034C /* RoundButton.swift in Sources */,
				326F910A228F5BE4001A034C /* CustomTextField.swift in Sources */,
				326F9101228F2270001A034C /* SignInViewController.swift in Sources */,
				326F90EA228CB281001A034C /* AppDelegate.swift in Sources */,
				326F9106228F5695001A034C /* Constants.swift in Sources */,
			);
			runOnlyForDeploymentPostprocessing = 0;
		};
/* End PBXSourcesBuildPhase section */

/* Begin PBXVariantGroup section */
		326F90ED228CB281001A034C /* Main.storyboard */ = {
			isa = PBXVariantGroup;
			children = (
				326F90EE228CB281001A034C /* Base */,
			);
			name = Main.storyboard;
			sourceTree = "<group>";
		};
		326F90F2228CB282001A034C /* LaunchScreen.storyboard */ = {
			isa = PBXVariantGroup;
			children = (
				326F90F3228CB282001A034C /* Base */,
			);
			name = LaunchScreen.storyboard;
			sourceTree = "<group>";
		};
/* End PBXVariantGroup section */

/* Begin XCBuildConfiguration section */
		326F90F6228CB282001A034C /* Debug */ = {
			isa = XCBuildConfiguration;
			buildSettings = {
				ALWAYS_SEARCH_USER_PATHS = NO;
				CLANG_ANALYZER_NONNULL = YES;
				CLANG_ANALYZER_NUMBER_OBJECT_CONVERSION = YES_AGGRESSIVE;
				CLANG_CXX_LANGUAGE_STANDARD = "gnu++14";
				CLANG_CXX_LIBRARY = "libc++";
				CLANG_ENABLE_MODULES = YES;
				CLANG_ENABLE_OBJC_ARC = YES;
				CLANG_ENABLE_OBJC_WEAK = YES;
				CLANG_WARN_BLOCK_CAPTURE_AUTORELEASING = YES;
				CLANG_WARN_BOOL_CONVERSION = YES;
				CLANG_WARN_COMMA = YES;
				CLANG_WARN_CONSTANT_CONVERSION = YES;
				CLANG_WARN_DEPRECATED_OBJC_IMPLEMENTATIONS = YES;
				CLANG_WARN_DIRECT_OBJC_ISA_USAGE = YES_ERROR;
				CLANG_WARN_DOCUMENTATION_COMMENTS = YES;
				CLANG_WARN_EMPTY_BODY = YES;
				CLANG_WARN_ENUM_CONVERSION = YES;
				CLANG_WARN_INFINITE_RECURSION = YES;
				CLANG_WARN_INT_CONVERSION = YES;
				CLANG_WARN_NON_LITERAL_NULL_CONVERSION = YES;
				CLANG_WARN_OBJC_IMPLICIT_RETAIN_SELF = YES;
				CLANG_WARN_OBJC_LITERAL_CONVERSION = YES;
				CLANG_WARN_OBJC_ROOT_CLASS = YES_ERROR;
				CLANG_WARN_RANGE_LOOP_ANALYSIS = YES;
				CLANG_WARN_STRICT_PROTOTYPES = YES;
				CLANG_WARN_SUSPICIOUS_MOVE = YES;
				CLANG_WARN_UNGUARDED_AVAILABILITY = YES_AGGRESSIVE;
				CLANG_WARN_UNREACHABLE_CODE = YES;
				CLANG_WARN__DUPLICATE_METHOD_MATCH = YES;
				CODE_SIGN_IDENTITY = "iPhone Developer";
				COPY_PHASE_STRIP = NO;
				DEBUG_INFORMATION_FORMAT = dwarf;
				ENABLE_STRICT_OBJC_MSGSEND = YES;
				ENABLE_TESTABILITY = YES;
				GCC_C_LANGUAGE_STANDARD = gnu11;
				GCC_DYNAMIC_NO_PIC = NO;
				GCC_NO_COMMON_BLOCKS = YES;
				GCC_OPTIMIZATION_LEVEL = 0;
				GCC_PREPROCESSOR_DEFINITIONS = (
					"DEBUG=1",
					"$(inherited)",
				);
				GCC_WARN_64_TO_32_BIT_CONVERSION = YES;
				GCC_WARN_ABOUT_RETURN_TYPE = YES_ERROR;
				GCC_WARN_UNDECLARED_SELECTOR = YES;
				GCC_WARN_UNINITIALIZED_AUTOS = YES_AGGRESSIVE;
				GCC_WARN_UNUSED_FUNCTION = YES;
				GCC_WARN_UNUSED_VARIABLE = YES;
				IPHONEOS_DEPLOYMENT_TARGET = 12.2;
				MTL_ENABLE_DEBUG_INFO = INCLUDE_SOURCE;
				MTL_FAST_MATH = YES;
				ONLY_ACTIVE_ARCH = YES;
				SDKROOT = iphoneos;
				SWIFT_ACTIVE_COMPILATION_CONDITIONS = DEBUG;
				SWIFT_OPTIMIZATION_LEVEL = "-Onone";
			};
			name = Debug;
		};
		326F90F7228CB282001A034C /* Release */ = {
			isa = XCBuildConfiguration;
			buildSettings = {
				ALWAYS_SEARCH_USER_PATHS = NO;
				CLANG_ANALYZER_NONNULL = YES;
				CLANG_ANALYZER_NUMBER_OBJECT_CONVERSION = YES_AGGRESSIVE;
				CLANG_CXX_LANGUAGE_STANDARD = "gnu++14";
				CLANG_CXX_LIBRARY = "libc++";
				CLANG_ENABLE_MODULES = YES;
				CLANG_ENABLE_OBJC_ARC = YES;
				CLANG_ENABLE_OBJC_WEAK = YES;
				CLANG_WARN_BLOCK_CAPTURE_AUTORELEASING = YES;
				CLANG_WARN_BOOL_CONVERSION = YES;
				CLANG_WARN_COMMA = YES;
				CLANG_WARN_CONSTANT_CONVERSION = YES;
				CLANG_WARN_DEPRECATED_OBJC_IMPLEMENTATIONS = YES;
				CLANG_WARN_DIRECT_OBJC_ISA_USAGE = YES_ERROR;
				CLANG_WARN_DOCUMENTATION_COMMENTS = YES;
				CLANG_WARN_EMPTY_BODY = YES;
				CLANG_WARN_ENUM_CONVERSION = YES;
				CLANG_WARN_INFINITE_RECURSION = YES;
				CLANG_WARN_INT_CONVERSION = YES;
				CLANG_WARN_NON_LITERAL_NULL_CONVERSION = YES;
				CLANG_WARN_OBJC_IMPLICIT_RETAIN_SELF = YES;
				CLANG_WARN_OBJC_LITERAL_CONVERSION = YES;
				CLANG_WARN_OBJC_ROOT_CLASS = YES_ERROR;
				CLANG_WARN_RANGE_LOOP_ANALYSIS = YES;
				CLANG_WARN_STRICT_PROTOTYPES = YES;
				CLANG_WARN_SUSPICIOUS_MOVE = YES;
				CLANG_WARN_UNGUARDED_AVAILABILITY = YES_AGGRESSIVE;
				CLANG_WARN_UNREACHABLE_CODE = YES;
				CLANG_WARN__DUPLICATE_METHOD_MATCH = YES;
				CODE_SIGN_IDENTITY = "iPhone Developer";
				COPY_PHASE_STRIP = NO;
				DEBUG_INFORMATION_FORMAT = "dwarf-with-dsym";
				ENABLE_NS_ASSERTIONS = NO;
				ENABLE_STRICT_OBJC_MSGSEND = YES;
				GCC_C_LANGUAGE_STANDARD = gnu11;
				GCC_NO_COMMON_BLOCKS = YES;
				GCC_WARN_64_TO_32_BIT_CONVERSION = YES;
				GCC_WARN_ABOUT_RETURN_TYPE = YES_ERROR;
				GCC_WARN_UNDECLARED_SELECTOR = YES;
				GCC_WARN_UNINITIALIZED_AUTOS = YES_AGGRESSIVE;
				GCC_WARN_UNUSED_FUNCTION = YES;
				GCC_WARN_UNUSED_VARIABLE = YES;
				IPHONEOS_DEPLOYMENT_TARGET = 12.2;
				MTL_ENABLE_DEBUG_INFO = NO;
				MTL_FAST_MATH = YES;
				SDKROOT = iphoneos;
				SWIFT_COMPILATION_MODE = wholemodule;
				SWIFT_OPTIMIZATION_LEVEL = "-O";
				VALIDATE_PRODUCT = YES;
			};
			name = Release;
		};
		326F90F9228CB282001A034C /* Debug */ = {
			isa = XCBuildConfiguration;
			baseConfigurationReference = C28A4E40D795E6CAEA003C2C /* Pods-Gramming.debug.xcconfig */;
			buildSettings = {
				ASSETCATALOG_COMPILER_APPICON_NAME = AppIcon;
				CODE_SIGN_STYLE = Automatic;
				DEVELOPMENT_TEAM = 82PESEA6HC;
				INFOPLIST_FILE = Gramming/Info.plist;
				LD_RUNPATH_SEARCH_PATHS = "$(inherited) @executable_path/Frameworks";
				PRODUCT_BUNDLE_IDENTIFIER = sb.Gramming;
				PRODUCT_NAME = "$(TARGET_NAME)";
				SWIFT_VERSION = 5.0;
				TARGETED_DEVICE_FAMILY = "1,2";
			};
			name = Debug;
		};
		326F90FA228CB282001A034C /* Release */ = {
			isa = XCBuildConfiguration;
			baseConfigurationReference = 02BF510BCBFC1D9FC0DAAC63 /* Pods-Gramming.release.xcconfig */;
			buildSettings = {
				ASSETCATALOG_COMPILER_APPICON_NAME = AppIcon;
				CODE_SIGN_STYLE = Automatic;
				DEVELOPMENT_TEAM = 82PESEA6HC;
				INFOPLIST_FILE = Gramming/Info.plist;
				LD_RUNPATH_SEARCH_PATHS = "$(inherited) @executable_path/Frameworks";
				PRODUCT_BUNDLE_IDENTIFIER = sb.Gramming;
				PRODUCT_NAME = "$(TARGET_NAME)";
				SWIFT_VERSION = 5.0;
				TARGETED_DEVICE_FAMILY = "1,2";
			};
			name = Release;
		};
/* End XCBuildConfiguration section */

/* Begin XCConfigurationList section */
		326F90E1228CB281001A034C /* Build configuration list for PBXProject "Gramming" */ = {
			isa = XCConfigurationList;
			buildConfigurations = (
				326F90F6228CB282001A034C /* Debug */,
				326F90F7228CB282001A034C /* Release */,
			);
			defaultConfigurationIsVisible = 0;
			defaultConfigurationName = Release;
		};
		326F90F8228CB282001A034C /* Build configuration list for PBXNativeTarget "Gramming" */ = {
			isa = XCConfigurationList;
			buildConfigurations = (
				326F90F9228CB282001A034C /* Debug */,
				326F90FA228CB282001A034C /* Release */,
			);
			defaultConfigurationIsVisible = 0;
			defaultConfigurationName = Release;
		};
/* End XCConfigurationList section */
	};
	rootObject = 326F90DE228CB281001A034C /* Project object */;
}
